# THIS IS AN AUTOGENERATED FILE. DO NOT EDIT THIS FILE DIRECTLY.
# yarn lockfile v1


vue-router@^3.0.1:
  version "3.0.1"
  resolved "https://registry.yarnpkg.com/vue-router/-/vue-router-3.0.1.tgz#d9b05ad9c7420ba0f626d6500d693e60092cc1e9"

vue@^2.5.3:
  version "2.5.3"
  resolved "https://registry.yarnpkg.com/vue/-/vue-2.5.3.tgz#e1a3b1f49b6e93e574ce040b95cbc873912fecc1"
